// !$*UTF8*$!
{
	archiveVersion = 1;
	classes = {
	};
	objectVersion = 46;
	objects = {

/* Begin PBXBuildFile section */
		825C25CB1A892A6000654BE3 /* AppDelegate.swift in Sources */ = {isa = PBXBuildFile; fileRef = 825C25CA1A892A6000654BE3 /* AppDelegate.swift */; };
		825C25CD1A892A6000654BE3 /* ViewController.swift in Sources */ = {isa = PBXBuildFile; fileRef = 825C25CC1A892A6000654BE3 /* ViewController.swift */; };
		825C25D01A892A6000654BE3 /* Main.storyboard in Resources */ = {isa = PBXBuildFile; fileRef = 825C25CE1A892A6000654BE3 /* Main.storyboard */; };
		825C25D21A892A6100654BE3 /* Images.xcassets in Resources */ = {isa = PBXBuildFile; fileRef = 825C25D11A892A6000654BE3 /* Images.xcassets */; };
		825C25D51A892A6100654BE3 /* LaunchScreen.xib in Resources */ = {isa = PBXBuildFile; fileRef = 825C25D31A892A6100654BE3 /* LaunchScreen.xib */; };
		825C25E11A892A6100654BE3 /* TabBarAnimationTests.swift in Sources */ = {isa = PBXBuildFile; fileRef = 825C25E01A892A6100654BE3 /* TabBarAnimationTests.swift */; };
		825C25F81A893EC000654BE3 /* RAMBounceAnimation.swift in Sources */ = {isa = PBXBuildFile; fileRef = 825C25ED1A893EC000654BE3 /* RAMBounceAnimation.swift */; };
		825C25F91A893EC000654BE3 /* RAMFrameItemAnimation.swift in Sources */ = {isa = PBXBuildFile; fileRef = 825C25EF1A893EC000654BE3 /* RAMFrameItemAnimation.swift */; };
		825C25FA1A893EC000654BE3 /* RAMFumeAnimation.swift in Sources */ = {isa = PBXBuildFile; fileRef = 825C25F11A893EC000654BE3 /* RAMFumeAnimation.swift */; };
		825C25FB1A893EC000654BE3 /* RAMRotationAnimation.swift in Sources */ = {isa = PBXBuildFile; fileRef = 825C25F31A893EC000654BE3 /* RAMRotationAnimation.swift */; };
		825C25FC1A893EC000654BE3 /* RAMTransitionItemAnimation.swift in Sources */ = {isa = PBXBuildFile; fileRef = 825C25F51A893EC000654BE3 /* RAMTransitionItemAnimation.swift */; };
		825C25FD1A893EC000654BE3 /* RAMAnimatedTabBarController.swift in Sources */ = {isa = PBXBuildFile; fileRef = 825C25F61A893EC000654BE3 /* RAMAnimatedTabBarController.swift */; };
		825C25FE1A893EC000654BE3 /* RAMItemAnimationProtocol.swift in Sources */ = {isa = PBXBuildFile; fileRef = 825C25F71A893EC000654BE3 /* RAMItemAnimationProtocol.swift */; };
/* End PBXBuildFile section */

/* Begin PBXContainerItemProxy section */
		825C25DB1A892A6100654BE3 /* PBXContainerItemProxy */ = {
			isa = PBXContainerItemProxy;
			containerPortal = 825C25BD1A892A6000654BE3 /* Project object */;
			proxyType = 1;
			remoteGlobalIDString = 825C25C41A892A6000654BE3;
			remoteInfo = TabBarAnimation;
		};
/* End PBXContainerItemProxy section */

/* Begin PBXFileReference section */
		825C25C51A892A6000654BE3 /* TabBarAnimation.app */ = {isa = PBXFileReference; explicitFileType = wrapper.application; includeInIndex = 0; path = TabBarAnimation.app; sourceTree = BUILT_PRODUCTS_DIR; };
		825C25C91A892A6000654BE3 /* Info.plist */ = {isa = PBXFileReference; lastKnownFileType = text.plist.xml; path = Info.plist; sourceTree = "<group>"; };
		825C25CA1A892A6000654BE3 /* AppDelegate.swift */ = {isa = PBXFileReference; lastKnownFileType = sourcecode.swift; path = AppDelegate.swift; sourceTree = "<group>"; };
		825C25CC1A892A6000654BE3 /* ViewController.swift */ = {isa = PBXFileReference; lastKnownFileType = sourcecode.swift; path = ViewController.swift; sourceTree = "<group>"; };
		825C25CF1A892A6000654BE3 /* Base */ = {isa = PBXFileReference; lastKnownFileType = file.storyboard; name = Base; path = Base.lproj/Main.storyboard; sourceTree = "<group>"; };
		825C25D11A892A6000654BE3 /* Images.xcassets */ = {isa = PBXFileReference; lastKnownFileType = folder.assetcatalog; path = Images.xcassets; sourceTree = "<group>"; };
		825C25D41A892A6100654BE3 /* Base */ = {isa = PBXFileReference; lastKnownFileType = file.xib; name = Base; path = Base.lproj/LaunchScreen.xib; sourceTree = "<group>"; };
		825C25DA1A892A6100654BE3 /* TabBarAnimationTests.xctest */ = {isa = PBXFileReference; explicitFileType = wrapper.cfbundle; includeInIndex = 0; path = TabBarAnimationTests.xctest; sourceTree = BUILT_PRODUCTS_DIR; };
		825C25DF1A892A6100654BE3 /* Info.plist */ = {isa = PBXFileReference; lastKnownFileType = text.plist.xml; path = Info.plist; sourceTree = "<group>"; };
		825C25E01A892A6100654BE3 /* TabBarAnimationTests.swift */ = {isa = PBXFileReference; lastKnownFileType = sourcecode.swift; path = TabBarAnimationTests.swift; sourceTree = "<group>"; };
		825C25ED1A893EC000654BE3 /* RAMBounceAnimation.swift */ = {isa = PBXFileReference; fileEncoding = 4; lastKnownFileType = sourcecode.swift; path = RAMBounceAnimation.swift; sourceTree = "<group>"; };
		825C25EF1A893EC000654BE3 /* RAMFrameItemAnimation.swift */ = {isa = PBXFileReference; fileEncoding = 4; lastKnownFileType = sourcecode.swift; path = RAMFrameItemAnimation.swift; sourceTree = "<group>"; };
		825C25F11A893EC000654BE3 /* RAMFumeAnimation.swift */ = {isa = PBXFileReference; fileEncoding = 4; lastKnownFileType = sourcecode.swift; path = RAMFumeAnimation.swift; sourceTree = "<group>"; };
		825C25F31A893EC000654BE3 /* RAMRotationAnimation.swift */ = {isa = PBXFileReference; fileEncoding = 4; lastKnownFileType = sourcecode.swift; path = RAMRotationAnimation.swift; sourceTree = "<group>"; };
		825C25F51A893EC000654BE3 /* RAMTransitionItemAnimation.swift */ = {isa = PBXFileReference; fileEncoding = 4; lastKnownFileType = sourcecode.swift; path = RAMTransitionItemAnimation.swift; sourceTree = "<group>"; };
		825C25F61A893EC000654BE3 /* RAMAnimatedTabBarController.swift */ = {isa = PBXFileReference; fileEncoding = 4; lastKnownFileType = sourcecode.swift; path = RAMAnimatedTabBarController.swift; sourceTree = "<group>"; };
		825C25F71A893EC000654BE3 /* RAMItemAnimationProtocol.swift */ = {isa = PBXFileReference; fileEncoding = 4; lastKnownFileType = sourcecode.swift; path = RAMItemAnimationProtocol.swift; sourceTree = "<group>"; };
/* End PBXFileReference section */

/* Begin PBXFrameworksBuildPhase section */
		825C25C21A892A6000654BE3 /* Frameworks */ = {
			isa = PBXFrameworksBuildPhase;
			buildActionMask = 2147483647;
			files = (
			);
			runOnlyForDeploymentPostprocessing = 0;
		};
		825C25D71A892A6100654BE3 /* Frameworks */ = {
			isa = PBXFrameworksBuildPhase;
			buildActionMask = 2147483647;
			files = (
			);
			runOnlyForDeploymentPostprocessing = 0;
		};
/* End PBXFrameworksBuildPhase section */

/* Begin PBXGroup section */
		825C25BC1A892A6000654BE3 = {
			isa = PBXGroup;
			children = (
				825C25C71A892A6000654BE3 /* TabBarAnimation */,
				825C25DD1A892A6100654BE3 /* TabBarAnimationTests */,
				825C25C61A892A6000654BE3 /* Products */,
			);
			sourceTree = "<group>";
		};
		825C25C61A892A6000654BE3 /* Products */ = {
			isa = PBXGroup;
			children = (
				825C25C51A892A6000654BE3 /* TabBarAnimation.app */,
				825C25DA1A892A6100654BE3 /* TabBarAnimationTests.xctest */,
			);
			name = Products;
			sourceTree = "<group>";
		};
		825C25C71A892A6000654BE3 /* TabBarAnimation */ = {
			isa = PBXGroup;
			children = (
				825C25EA1A893EC000654BE3 /* RAMAnimatedTabBarController */,
				825C25CA1A892A6000654BE3 /* AppDelegate.swift */,
				825C25CC1A892A6000654BE3 /* ViewController.swift */,
				825C25CE1A892A6000654BE3 /* Main.storyboard */,
				825C25D11A892A6000654BE3 /* Images.xcassets */,
				825C25D31A892A6100654BE3 /* LaunchScreen.xib */,
				825C25C81A892A6000654BE3 /* Supporting Files */,
			);
			path = TabBarAnimation;
			sourceTree = "<group>";
		};
		825C25C81A892A6000654BE3 /* Supporting Files */ = {
			isa = PBXGroup;
			children = (
				825C25C91A892A6000654BE3 /* Info.plist */,
			);
			name = "Supporting Files";
			sourceTree = "<group>";
		};
		825C25DD1A892A6100654BE3 /* TabBarAnimationTests */ = {
			isa = PBXGroup;
			children = (
				825C25E01A892A6100654BE3 /* TabBarAnimationTests.swift */,
				825C25DE1A892A6100654BE3 /* Supporting Files */,
			);
			path = TabBarAnimationTests;
			sourceTree = "<group>";
		};
		825C25DE1A892A6100654BE3 /* Supporting Files */ = {
			isa = PBXGroup;
			children = (
				825C25DF1A892A6100654BE3 /* Info.plist */,
			);
			name = "Supporting Files";
			sourceTree = "<group>";
		};
		825C25EA1A893EC000654BE3 /* RAMAnimatedTabBarController */ = {
			isa = PBXGroup;
			children = (
				825C25EB1A893EC000654BE3 /* Animations */,
				825C25F61A893EC000654BE3 /* RAMAnimatedTabBarController.swift */,
				825C25F71A893EC000654BE3 /* RAMItemAnimationProtocol.swift */,
			);
			path = RAMAnimatedTabBarController;
			sourceTree = "<group>";
		};
		825C25EB1A893EC000654BE3 /* Animations */ = {
			isa = PBXGroup;
			children = (
				825C25EC1A893EC000654BE3 /* BounceAnimation */,
				825C25EE1A893EC000654BE3 /* FrameAnimation */,
				825C25F01A893EC000654BE3 /* FumeAnimation */,
				825C25F21A893EC000654BE3 /* RotationAnimation */,
				825C25F41A893EC000654BE3 /* TransitionAniamtions */,
			);
			path = Animations;
			sourceTree = "<group>";
		};
		825C25EC1A893EC000654BE3 /* BounceAnimation */ = {
			isa = PBXGroup;
			children = (
				825C25ED1A893EC000654BE3 /* RAMBounceAnimation.swift */,
			);
			path = BounceAnimation;
			sourceTree = "<group>";
		};
		825C25EE1A893EC000654BE3 /* FrameAnimation */ = {
			isa = PBXGroup;
			children = (
				825C25EF1A893EC000654BE3 /* RAMFrameItemAnimation.swift */,
			);
			path = FrameAnimation;
			sourceTree = "<group>";
		};
		825C25F01A893EC000654BE3 /* FumeAnimation */ = {
			isa = PBXGroup;
			children = (
				825C25F11A893EC000654BE3 /* RAMFumeAnimation.swift */,
			);
			path = FumeAnimation;
			sourceTree = "<group>";
		};
		825C25F21A893EC000654BE3 /* RotationAnimation */ = {
			isa = PBXGroup;
			children = (
				825C25F31A893EC000654BE3 /* RAMRotationAnimation.swift */,
			);
			path = RotationAnimation;
			sourceTree = "<group>";
		};
		825C25F41A893EC000654BE3 /* TransitionAniamtions */ = {
			isa = PBXGroup;
			children = (
				825C25F51A893EC000654BE3 /* RAMTransitionItemAnimation.swift */,
			);
			path = TransitionAniamtions;
			sourceTree = "<group>";
		};
/* End PBXGroup section */

/* Begin PBXNativeTarget section */
		825C25C41A892A6000654BE3 /* TabBarAnimation */ = {
			isa = PBXNativeTarget;
			buildConfigurationList = 825C25E41A892A6100654BE3 /* Build configuration list for PBXNativeTarget "TabBarAnimation" */;
			buildPhases = (
				825C25C11A892A6000654BE3 /* Sources */,
				825C25C21A892A6000654BE3 /* Frameworks */,
				825C25C31A892A6000654BE3 /* Resources */,
			);
			buildRules = (
			);
			dependencies = (
			);
			name = TabBarAnimation;
			productName = TabBarAnimation;
			productReference = 825C25C51A892A6000654BE3 /* TabBarAnimation.app */;
			productType = "com.apple.product-type.application";
		};
		825C25D91A892A6100654BE3 /* TabBarAnimationTests */ = {
			isa = PBXNativeTarget;
			buildConfigurationList = 825C25E71A892A6100654BE3 /* Build configuration list for PBXNativeTarget "TabBarAnimationTests" */;
			buildPhases = (
				825C25D61A892A6100654BE3 /* Sources */,
				825C25D71A892A6100654BE3 /* Frameworks */,
				825C25D81A892A6100654BE3 /* Resources */,
			);
			buildRules = (
			);
			dependencies = (
				825C25DC1A892A6100654BE3 /* PBXTargetDependency */,
			);
			name = TabBarAnimationTests;
			productName = TabBarAnimationTests;
			productReference = 825C25DA1A892A6100654BE3 /* TabBarAnimationTests.xctest */;
			productType = "com.apple.product-type.bundle.unit-test";
		};
/* End PBXNativeTarget section */

/* Begin PBXProject section */
		825C25BD1A892A6000654BE3 /* Project object */ = {
			isa = PBXProject;
			attributes = {
				LastUpgradeCheck = 0610;
				ORGANIZATIONNAME = videmor;
				TargetAttributes = {
					825C25C41A892A6000654BE3 = {
						CreatedOnToolsVersion = 6.1.1;
					};
					825C25D91A892A6100654BE3 = {
						CreatedOnToolsVersion = 6.1.1;
						TestTargetID = 825C25C41A892A6000654BE3;
					};
				};
			};
			buildConfigurationList = 825C25C01A892A6000654BE3 /* Build configuration list for PBXProject "TabBarAnimation" */;
			compatibilityVersion = "Xcode 3.2";
			developmentRegion = English;
			hasScannedForEncodings = 0;
			knownRegions = (
				en,
				Base,
			);
			mainGroup = 825C25BC1A892A6000654BE3;
			productRefGroup = 825C25C61A892A6000654BE3 /* Products */;
			projectDirPath = "";
			projectRoot = "";
			targets = (
				825C25C41A892A6000654BE3 /* TabBarAnimation */,
				825C25D91A892A6100654BE3 /* TabBarAnimationTests */,
			);
		};
/* End PBXProject section */

/* Begin PBXResourcesBuildPhase section */
		825C25C31A892A6000654BE3 /* Resources */ = {
			isa = PBXResourcesBuildPhase;
			buildActionMask = 2147483647;
			files = (
				825C25D01A892A6000654BE3 /* Main.storyboard in Resources */,
				825C25D51A892A6100654BE3 /* LaunchScreen.xib in Resources */,
				825C25D21A892A6100654BE3 /* Images.xcassets in Resources */,
			);
			runOnlyForDeploymentPostprocessing = 0;
		};
		825C25D81A892A6100654BE3 /* Resources */ = {
			isa = PBXResourcesBuildPhase;
			buildActionMask = 2147483647;
			files = (
			);
			runOnlyForDeploymentPostprocessing = 0;
		};
/* End PBXResourcesBuildPhase section */

/* Begin PBXSourcesBuildPhase section */
		825C25C11A892A6000654BE3 /* Sources */ = {
			isa = PBXSourcesBuildPhase;
			buildActionMask = 2147483647;
			files = (
				825C25FA1A893EC000654BE3 /* RAMFumeAnimation.swift in Sources */,
				825C25F91A893EC000654BE3 /* RAMFrameItemAnimation.swift in Sources */,
				825C25FE1A893EC000654BE3 /* RAMItemAnimationProtocol.swift in Sources */,
				825C25F81A893EC000654BE3 /* RAMBounceAnimation.swift in Sources */,
				825C25FC1A893EC000654BE3 /* RAMTransitionItemAnimation.swift in Sources */,
				825C25CD1A892A6000654BE3 /* ViewController.swift in Sources */,
				825C25FD1A893EC000654BE3 /* RAMAnimatedTabBarController.swift in Sources */,
				825C25CB1A892A6000654BE3 /* AppDelegate.swift in Sources */,
				825C25FB1A893EC000654BE3 /* RAMRotationAnimation.swift in Sources */,
			);
			runOnlyForDeploymentPostprocessing = 0;
		};
		825C25D61A892A6100654BE3 /* Sources */ = {
			isa = PBXSourcesBuildPhase;
			buildActionMask = 2147483647;
			files = (
				825C25E11A892A6100654BE3 /* TabBarAnimationTests.swift in Sources */,
			);
			runOnlyForDeploymentPostprocessing = 0;
		};
/* End PBXSourcesBuildPhase section */

/* Begin PBXTargetDependency section */
		825C25DC1A892A6100654BE3 /* PBXTargetDependency */ = {
			isa = PBXTargetDependency;
			target = 825C25C41A892A6000654BE3 /* TabBarAnimation */;
			targetProxy = 825C25DB1A892A6100654BE3 /* PBXContainerItemProxy */;
		};
/* End PBXTargetDependency section */

/* Begin PBXVariantGroup section */
		825C25CE1A892A6000654BE3 /* Main.storyboard */ = {
			isa = PBXVariantGroup;
			children = (
				825C25CF1A892A6000654BE3 /* Base */,
			);
			name = Main.storyboard;
			sourceTree = "<group>";
		};
		825C25D31A892A6100654BE3 /* LaunchScreen.xib */ = {
			isa = PBXVariantGroup;
			children = (
				825C25D41A892A6100654BE3 /* Base */,
			);
			name = LaunchScreen.xib;
			sourceTree = "<group>";
		};
/* End PBXVariantGroup section */

/* Begin XCBuildConfiguration section */
		825C25E21A892A6100654BE3 /* Debug */ = {
			isa = XCBuildConfiguration;
			buildSettings = {
				ALWAYS_SEARCH_USER_PATHS = NO;
				CLANG_CXX_LANGUAGE_STANDARD = "gnu++0x";
				CLANG_CXX_LIBRARY = "libc++";
				CLANG_ENABLE_MODULES = YES;
				CLANG_ENABLE_OBJC_ARC = YES;
				CLANG_WARN_BOOL_CONVERSION = YES;
				CLANG_WARN_CONSTANT_CONVERSION = YES;
				CLANG_WARN_DIRECT_OBJC_ISA_USAGE = YES_ERROR;
				CLANG_WARN_EMPTY_BODY = YES;
				CLANG_WARN_ENUM_CONVERSION = YES;
				CLANG_WARN_INT_CONVERSION = YES;
				CLANG_WARN_OBJC_ROOT_CLASS = YES_ERROR;
				CLANG_WARN_UNREACHABLE_CODE = YES;
				CLANG_WARN__DUPLICATE_METHOD_MATCH = YES;
				"CODE_SIGN_IDENTITY[sdk=iphoneos*]" = "iPhone Developer";
				COPY_PHASE_STRIP = NO;
				ENABLE_STRICT_OBJC_MSGSEND = YES;
				GCC_C_LANGUAGE_STANDARD = gnu99;
				GCC_DYNAMIC_NO_PIC = NO;
				GCC_OPTIMIZATION_LEVEL = 0;
				GCC_PREPROCESSOR_DEFINITIONS = (
					"DEBUG=1",
					"$(inherited)",
				);
				GCC_SYMBOLS_PRIVATE_EXTERN = NO;
				GCC_WARN_64_TO_32_BIT_CONVERSION = YES;
				GCC_WARN_ABOUT_RETURN_TYPE = YES_ERROR;
				GCC_WARN_UNDECLARED_SELECTOR = YES;
				GCC_WARN_UNINITIALIZED_AUTOS = YES_AGGRESSIVE;
				GCC_WARN_UNUSED_FUNCTION = YES;
				GCC_WARN_UNUSED_VARIABLE = YES;
				IPHONEOS_DEPLOYMENT_TARGET = 8.1;
				MTL_ENABLE_DEBUG_INFO = YES;
				ONLY_ACTIVE_ARCH = YES;
				SDKROOT = iphoneos;
				SWIFT_OPTIMIZATION_LEVEL = "-Onone";
			};
			name = Debug;
		};
		825C25E31A892A6100654BE3 /* Release */ = {
			isa = XCBuildConfiguration;
			buildSettings = {
				ALWAYS_SEARCH_USER_PATHS = NO;
				CLANG_CXX_LANGUAGE_STANDARD = "gnu++0x";
				CLANG_CXX_LIBRARY = "libc++";
				CLANG_ENABLE_MODULES = YES;
				CLANG_ENABLE_OBJC_ARC = YES;
				CLANG_WARN_BOOL_CONVERSION = YES;
				CLANG_WARN_CONSTANT_CONVERSION = YES;
				CLANG_WARN_DIRECT_OBJC_ISA_USAGE = YES_ERROR;
				CLANG_WARN_EMPTY_BODY = YES;
				CLANG_WARN_ENUM_CONVERSION = YES;
				CLANG_WARN_INT_CONVERSION = YES;
				CLANG_WARN_OBJC_ROOT_CLASS = YES_ERROR;
				CLANG_WARN_UNREACHABLE_CODE = YES;
				CLANG_WARN__DUPLICATE_METHOD_MATCH = YES;
				"CODE_SIGN_IDENTITY[sdk=iphoneos*]" = "iPhone Developer";
				COPY_PHASE_STRIP = YES;
				ENABLE_NS_ASSERTIONS = NO;
				ENABLE_STRICT_OBJC_MSGSEND = YES;
				GCC_C_LANGUAGE_STANDARD = gnu99;
				GCC_WARN_64_TO_32_BIT_CONVERSION = YES;
				GCC_WARN_ABOUT_RETURN_TYPE = YES_ERROR;
				GCC_WARN_UNDECLARED_SELECTOR = YES;
				GCC_WARN_UNINITIALIZED_AUTOS = YES_AGGRESSIVE;
				GCC_WARN_UNUSED_FUNCTION = YES;
				GCC_WARN_UNUSED_VARIABLE = YES;
				IPHONEOS_DEPLOYMENT_TARGET = 8.1;
				MTL_ENABLE_DEBUG_INFO = NO;
				SDKROOT = iphoneos;
				VALIDATE_PRODUCT = YES;
			};
			name = Release;
		};
		825C25E51A892A6100654BE3 /* Debug */ = {
			isa = XCBuildConfiguration;
			buildSettings = {
				ASSETCATALOG_COMPILER_APPICON_NAME = AppIcon;
				INFOPLIST_FILE = TabBarAnimation/Info.plist;
				LD_RUNPATH_SEARCH_PATHS = "$(inherited) @executable_path/Frameworks";
				PRODUCT_NAME = "$(TARGET_NAME)";
			};
			name = Debug;
		};
		825C25E61A892A6100654BE3 /* Release */ = {
			isa = XCBuildConfiguration;
			buildSettings = {
				ASSETCATALOG_COMPILER_APPICON_NAME = AppIcon;
				INFOPLIST_FILE = TabBarAnimation/Info.plist;
				LD_RUNPATH_SEARCH_PATHS = "$(inherited) @executable_path/Frameworks";
				PRODUCT_NAME = "$(TARGET_NAME)";
			};
			name = Release;
		};
		825C25E81A892A6100654BE3 /* Debug */ = {
			isa = XCBuildConfiguration;
			buildSettings = {
				BUNDLE_LOADER = "$(TEST_HOST)";
				FRAMEWORK_SEARCH_PATHS = (
					"$(SDKROOT)/Developer/Library/Frameworks",
					"$(inherited)",
				);
				GCC_PREPROCESSOR_DEFINITIONS = (
					"DEBUG=1",
					"$(inherited)",
				);
				INFOPLIST_FILE = TabBarAnimationTests/Info.plist;
				LD_RUNPATH_SEARCH_PATHS = "$(inherited) @executable_path/Frameworks @loader_path/Frameworks";
				PRODUCT_NAME = "$(TARGET_NAME)";
				TEST_HOST = "$(BUILT_PRODUCTS_DIR)/TabBarAnimation.app/TabBarAnimation";
			};
			name = Debug;
		};
		825C25E91A892A6100654BE3 /* Release */ = {
			isa = XCBuildConfiguration;
			buildSettings = {
				BUNDLE_LOADER = "$(TEST_HOST)";
				FRAMEWORK_SEARCH_PATHS = (
					"$(SDKROOT)/Developer/Library/Frameworks",
					"$(inherited)",
				);
				INFOPLIST_FILE = TabBarAnimationTests/Info.plist;
				LD_RUNPATH_SEARCH_PATHS = "$(inherited) @executable_path/Frameworks @loader_path/Frameworks";
				PRODUCT_NAME = "$(TARGET_NAME)";
				TEST_HOST = "$(BUILT_PRODUCTS_DIR)/TabBarAnimation.app/TabBarAnimation";
			};
			name = Release;
		};
/* End XCBuildConfiguration section */

/* Begin XCConfigurationList section */
		825C25C01A892A6000654BE3 /* Build configuration list for PBXProject "TabBarAnimation" */ = {
			isa = XCConfigurationList;
			buildConfigurations = (
				825C25E21A892A6100654BE3 /* Debug */,
				825C25E31A892A6100654BE3 /* Release */,
			);
			defaultConfigurationIsVisible = 0;
			defaultConfigurationName = Release;
		};
		825C25E41A892A6100654BE3 /* Build configuration list for PBXNativeTarget "TabBarAnimation" */ = {
			isa = XCConfigurationList;
			buildConfigurations = (
				825C25E51A892A6100654BE3 /* Debug */,
				825C25E61A892A6100654BE3 /* Release */,
			);
			defaultConfigurationIsVisible = 0;
		};
		825C25E71A892A6100654BE3 /* Build configuration list for PBXNativeTarget "TabBarAnimationTests" */ = {
			isa = XCConfigurationList;
			buildConfigurations = (
				825C25E81A892A6100654BE3 /* Debug */,
				825C25E91A892A6100654BE3 /* Release */,
			);
			defaultConfigurationIsVisible = 0;
		};
/* End XCConfigurationList section */
	};
	rootObject = 825C25BD1A892A6000654BE3 /* Project object */;
}
